<?xml version="1.0" encoding="utf-8"?>
<Project ToolsVersion="4.0" xmlns="http://schemas.microsoft.com/developer/msbuild/2003">
  <ItemGroup>
    <Filter Include="Headers Files">
      <UniqueIdentifier>{4FC737F1-C7A5-4376-A066-2A32D752A2FF}</UniqueIdentifier>
      <Extensions>cpp;c;cc;cxx;def;odl;idl;hpj;bat;asm;asmx</Extensions>
    </Filter>
    <Filter Include="Resource Files">
      <UniqueIdentifier>{93995380-89BD-4b04-88EB-625FBE52EBFB}</UniqueIdentifier>
      <Extensions>h;hpp;hxx;hm;inl;inc;xsd</Extensions>
    </Filter>
    <Filter Include="Libs">
      <UniqueIdentifier>{aadb6ba6-e8d9-4646-9fef-972500d60e55}</UniqueIdentifier>
    </Filter>
  </ItemGroup>
  <ItemGroup>
    <ClInclude Include="..\CAnimation.h">
      <Filter>Headers Files</Filter>
    </ClInclude>
    <ClInclude Include="..\CApp.h">
      <Filter>Headers Files</Filter>
    </ClInclude>
    <ClInclude Include="..\CArea.h">
      <Filter>Headers Files</Filter>
    </ClInclude>
    <ClInclude Include="..\CBullet.h">
      <Filter>Headers Files</Filter>
    </ClInclude>
    <ClInclude Include="..\CCamera.h">
      <Filter>Headers Files</Filter>
    </ClInclude>
    <ClInclude Include="..\CControl.h">
      <Filter>Headers Files</Filter>
    </ClInclude>
    <ClInclude Include="..\CEntity.h">
      <Filter>Headers Files</Filter>
    </ClInclude>
    <ClInclude Include="..\CEvent.h">
      <Filter>Headers Files</Filter>
    </ClInclude>
    <ClInclude Include="..\CFont.h">
      <Filter>Headers Files</Filter>
    </ClInclude>
    <ClInclude Include="..\CFPS.h">
      <Filter>Headers Files</Filter>
    </ClInclude>
    <ClInclude Include="..\CMap.h">
      <Filter>Headers Files</Filter>
    </ClInclude>
    <ClInclude Include="..\CMenu.h">
      <Filter>Headers Files</Filter>
    </ClInclude>
    <ClInclude Include="..\CMod.h">
      <Filter>Headers Files</Filter>
    </ClInclude>
    <ClInclude Include="..\CMusicBank.h">
      <Filter>Headers Files</Filter>
    </ClInclude>
    <ClInclude Include="..\CPlatform.h">
      <Filter>Headers Files</Filter>
    </ClInclude>
    <ClInclude Include="..\CPlayer.h">
      <Filter>Headers Files</Filter>
    </ClInclude>
    <ClInclude Include="..\CRanking.h">
      <Filter>Headers Files</Filter>
    </ClInclude>
    <ClInclude Include="..\CRings.h">
      <Filter>Headers Files</Filter>
    </ClInclude>
    <ClInclude Include="..\CSoundBank.h">
      <Filter>Headers Files</Filter>
    </ClInclude>
    <ClInclude Include="..\CSurface.h">
      <Filter>Headers Files</Filter>
    </ClInclude>
    <ClInclude Include="..\CText.h">
      <Filter>Headers Files</Filter>
    </ClInclude>
    <ClInclude Include="..\CTile.h">
      <Filter>Headers Files</Filter>
    </ClInclude>
    <ClInclude Include="..\Define.h">
      <Filter>Headers Files</Filter>
    </ClInclude>
    <ClInclude Include="..\COptions.h">
      <Filter>Headers Files</Filter>
    </ClInclude>
  </ItemGroup>
  <ItemGroup>
    <ClCompile Include="..\CAnimation.cpp">
      <Filter>Resource Files</Filter>
    </ClCompile>
    <ClCompile Include="..\CApp.cpp">
      <Filter>Resource Files</Filter>
    </ClCompile>
    <ClCompile Include="..\CApp_OnCleanup.cpp">
      <Filter>Resource Files</Filter>
    </ClCompile>
    <ClCompile Include="..\CApp_OnEvent.cpp">
      <Filter>Resource Files</Filter>
    </ClCompile>
    <ClCompile Include="..\CApp_OnInit.cpp">
      <Filter>Resource Files</Filter>
    </ClCompile>
    <ClCompile Include="..\CApp_OnLoop.cpp">
      <Filter>Resource Files</Filter>
    </ClCompile>
    <ClCompile Include="..\CApp_OnRender.cpp">
      <Filter>Resource Files</Filter>
    </ClCompile>
    <ClCompile Include="..\CArea.cpp">
      <Filter>Resource Files</Filter>
    </ClCompile>
    <ClCompile Include="..\CBullet.cpp">
      <Filter>Resource Files</Filter>
    </ClCompile>
    <ClCompile Include="..\CCamera.cpp">
      <Filter>Resource Files</Filter>
    </ClCompile>
    <ClCompile Include="..\CControl.cpp">
      <Filter>Resource Files</Filter>
    </ClCompile>
    <ClCompile Include="..\CEntity.cpp">
      <Filter>Resource Files</Filter>
    </ClCompile>
    <ClCompile Include="..\CEntityCol.cpp">
      <Filter>Resource Files</Filter>
    </ClCompile>
    <ClCompile Include="..\CEvent.cpp">
      <Filter>Resource Files</Filter>
    </ClCompile>
    <ClCompile Include="..\CFPS.cpp">
      <Filter>Resource Files</Filter>
    </ClCompile>
    <ClCompile Include="..\CMap.cpp">
      <Filter>Resource Files</Filter>
    </ClCompile>
    <ClCompile Include="..\CMenu.cpp">
      <Filter>Resource Files</Filter>
    </ClCompile>
    <ClCompile Include="..\CMod.cpp">
      <Filter>Resource Files</Filter>
    </ClCompile>
    <ClCompile Include="..\CMusicBank.cpp">
      <Filter>Resource Files</Filter>
    </ClCompile>
    <ClCompile Include="..\CPlatform.cpp">
      <Filter>Resource Files</Filter>
    </ClCompile>
    <ClCompile Include="..\CPlayer.cpp">
      <Filter>Resource Files</Filter>
    </ClCompile>
    <ClCompile Include="..\CRanking.cpp">
      <Filter>Resource Files</Filter>
    </ClCompile>
    <ClCompile Include="..\CRings.cpp">
      <Filter>Resource Files</Filter>
    </ClCompile>
    <ClCompile Include="..\CSoundBank.cpp">
      <Filter>Resource Files</Filter>
    </ClCompile>
    <ClCompile Include="..\CSurface.cpp">
      <Filter>Resource Files</Filter>
    </ClCompile>
    <ClCompile Include="..\CText.cpp">
      <Filter>Resource Files</Filter>
    </ClCompile>
    <ClCompile Include="..\CTile.cpp">
      <Filter>Resource Files</Filter>
    </ClCompile>
    <ClCompile Include="..\COptions.cpp">
      <Filter>Resource Files</Filter>
    </ClCompile>
  </ItemGroup>
</Project>